
Microsoft Visual Studio Solution File, Format Version 12.00
# Visual Studio Version 17
VisualStudioVersion = 17.7.34031.279
MinimumVisualStudioVersion = 10.0.40219.1
Project("{9A19103F-16F7-4668-BE54-9A1E7A4F7556}") = "work", "work\work.csproj", "{3DEB0936-1E1C-4CC8-BF2F-332B98D079DA}"
EndProject
Global
	GlobalSection(SolutionConfigurationPlatforms) = preSolution
		Debug|Any CPU = Debug|Any CPU
		Release|Any CPU = Release|Any CPU
	EndGlobalSection
	GlobalSection(ProjectConfigurationPlatforms) = postSolution
		{3DEB0936-1E1C-4CC8-BF2F-332B98D079DA}.Debug|Any CPU.ActiveCfg = Debug|Any CPU
		{3DEB0936-1E1C-4CC8-BF2F-332B98D079DA}.Debug|Any CPU.Build.0 = Debug|Any CPU
		{3DEB0936-1E1C-4CC8-BF2F-332B98D079DA}.Release|Any CPU.ActiveCfg = Release|Any CPU
		{3DEB0936-1E1C-4CC8-BF2F-332B98D079DA}.Release|Any CPU.Build.0 = Release|Any CPU
	EndGlobalSection
	GlobalSection(SolutionProperties) = preSolution
		HideSolutionNode = FALSE
	EndGlobalSection
	GlobalSection(ExtensibilityGlobals) = postSolution
		SolutionGuid = {E7A2430E-1DD7-410C-9D84-6CAF4F911F1F}
	EndGlobalSection
EndGlobal
